<Solution>
  <Project Path="P01AplikacjaOkienkowa/P01AplikacjaOkienkowa.csproj" />
  <Project Path="P02KlasyCzesciowe/P02KlasyCzesciowe.csproj" />
  <Project Path="P03ZadanieKalkulator/P03ZadanieKalkulator.csproj" />
  <Project Path="P04AplikacjaZawodnicy/P04AplikacjaZawodnicy.csproj" />
  <Project Path="P05PrzegladKontrolek/P05PrzegladKontrolek.csproj" />
  <Project Path="P06ZadaniePogoda/P06ZadaniePogoda.csproj" />
  <Project Path="P07DataBinding/P07DataBinding.csproj" />
  <Project Path="P08ZadanieFiltrowanieDanych/P08ZadanieFiltrowanieDanych.csproj" />
  <Project Path="P09ZadaniePizzeria/P09ZadaniePizzeria.csproj" />
  <Project Path="P10ZadanieListaZadan/P10ZadanieListaZadan.csproj" />
  <Project Path="P11ZadanieMemoryMatch/P11ZadanieMemoryMatch.csproj" />
</Solution>
